
Microsoft Visual Studio Solution File, Format Version 12.00
# Visual Studio Version 17
VisualStudioVersion = 17.10.35004.147
MinimumVisualStudioVersion = 10.0.40219.1
Project("{FAE04EC0-301F-11D3-BF4B-00C04F79EFBC}") = "Energetica", "Energetica.csproj", "{029BFC80-876A-4F83-AB30-26D2BBDA00B9}"
EndProject
Global
	GlobalSection(SolutionConfigurationPlatforms) = preSolution
		Debug|Any CPU = Debug|Any CPU
		Release|Any CPU = Release|Any CPU
	EndGlobalSection
	GlobalSection(ProjectConfigurationPlatforms) = postSolution
		{029BFC80-876A-4F83-AB30-26D2BBDA00B9}.Debug|Any CPU.ActiveCfg = Debug|Any CPU
		{029BFC80-876A-4F83-AB30-26D2BBDA00B9}.Debug|Any CPU.Build.0 = Debug|Any CPU
		{029BFC80-876A-4F83-AB30-26D2BBDA00B9}.Release|Any CPU.ActiveCfg = Release|Any CPU
		{029BFC80-876A-4F83-AB30-26D2BBDA00B9}.Release|Any CPU.Build.0 = Release|Any CPU
	EndGlobalSection
	GlobalSection(SolutionProperties) = preSolution
		HideSolutionNode = FALSE
	EndGlobalSection
	GlobalSection(ExtensibilityGlobals) = postSolution
		SolutionGuid = {8489FEFF-4042-4D9C-B6AF-1BEB4D306FB9}
	EndGlobalSection
EndGlobal
